
Microsoft Visual Studio Solution File, Format Version 12.00
# Visual Studio Version 17
VisualStudioVersion = 17.4.33205.214
MinimumVisualStudioVersion = 10.0.40219.1
Project("{FAE04EC0-301F-11D3-BF4B-00C04F79EFBC}") = "THA_W05_JESSICA_T", "THA_W05_JESSICA_T\THA_W05_JESSICA_T.csproj", "{AE5DF5C3-2BBC-42C2-B378-04C084EB9253}"
EndProject
Global
	GlobalSection(SolutionConfigurationPlatforms) = preSolution
		Debug|Any CPU = Debug|Any CPU
		Release|Any CPU = Release|Any CPU
	EndGlobalSection
	GlobalSection(ProjectConfigurationPlatforms) = postSolution
		{AE5DF5C3-2BBC-42C2-B378-04C084EB9253}.Debug|Any CPU.ActiveCfg = Debug|Any CPU
		{AE5DF5C3-2BBC-42C2-B378-04C084EB9253}.Debug|Any CPU.Build.0 = Debug|Any CPU
		{AE5DF5C3-2BBC-42C2-B378-04C084EB9253}.Release|Any CPU.ActiveCfg = Release|Any CPU
		{AE5DF5C3-2BBC-42C2-B378-04C084EB9253}.Release|Any CPU.Build.0 = Release|Any CPU
	EndGlobalSection
	GlobalSection(SolutionProperties) = preSolution
		HideSolutionNode = FALSE
	EndGlobalSection
	GlobalSection(ExtensibilityGlobals) = postSolution
		SolutionGuid = {7413992E-BE28-4BE9-9543-F0ED2FADB8DB}
	EndGlobalSection
EndGlobal
